// !$*UTF8*$!
{
	archiveVersion = 1;
	classes = {
	};
	objectVersion = 50;
	objects = {

/* Begin PBXBuildFile section */
		56180F0E2658D6A500EF5AC8 /* IOSAppApp.swift in Sources */ = {isa = PBXBuildFile; fileRef = 56180F0D2658D6A500EF5AC8 /* IOSAppApp.swift */; };
		56180F102658D6A500EF5AC8 /* ContentView.swift in Sources */ = {isa = PBXBuildFile; fileRef = 56180F0F2658D6A500EF5AC8 /* ContentView.swift */; };
		56180F122658D6A500EF5AC8 /* Assets.xcassets in Resources */ = {isa = PBXBuildFile; fileRef = 56180F112658D6A500EF5AC8 /* Assets.xcassets */; };
		56180F152658D6A500EF5AC8 /* Preview Assets.xcassets in Resources */ = {isa = PBXBuildFile; fileRef = 56180F142658D6A500EF5AC8 /* Preview Assets.xcassets */; };
		56180F202658D6A500EF5AC8 /* IOSAppTests.swift in Sources */ = {isa = PBXBuildFile; fileRef = 56180F1F2658D6A500EF5AC8 /* IOSAppTests.swift */; };
		56180F2B2658D6A500EF5AC8 /* IOSAppUITests.swift in Sources */ = {isa = PBXBuildFile; fileRef = 56180F2A2658D6A500EF5AC8 /* IOSAppUITests.swift */; };
/* End PBXBuildFile section */

/* Begin PBXContainerItemProxy section */
		56180F1C2658D6A500EF5AC8 /* PBXContainerItemProxy */ = {
			isa = PBXContainerItemProxy;
			containerPortal = 56180F022658D6A400EF5AC8 /* Project object */;
			proxyType = 1;
			remoteGlobalIDString = 56180F092658D6A500EF5AC8;
			remoteInfo = IOSApp;
		};
		56180F272658D6A500EF5AC8 /* PBXContainerItemProxy */ = {
			isa = PBXContainerItemProxy;
			containerPortal = 56180F022658D6A400EF5AC8 /* Project object */;
			proxyType = 1;
			remoteGlobalIDString = 56180F092658D6A500EF5AC8;
			remoteInfo = IOSApp;
		};
/* End PBXContainerItemProxy section */

/* Begin PBXFileReference section */
		56180F0A2658D6A500EF5AC8 /* IOSApp.app */ = {isa = PBXFileReference; explicitFileType = wrapper.application; includeInIndex = 0; path = IOSApp.app; sourceTree = BUILT_PRODUCTS_DIR; };
		56180F0D2658D6A500EF5AC8 /* IOSAppApp.swift */ = {isa = PBXFileReference; lastKnownFileType = sourcecode.swift; path = IOSAppApp.swift; sourceTree = "<group>"; };
		56180F0F2658D6A500EF5AC8 /* ContentView.swift */ = {isa = PBXFileReference; lastKnownFileType = sourcecode.swift; path = ContentView.swift; sourceTree = "<group>"; };
		56180F112658D6A500EF5AC8 /* Assets.xcassets */ = {isa = PBXFileReference; lastKnownFileType = folder.assetcatalog; path = Assets.xcassets; sourceTree = "<group>"; };
		56180F142658D6A500EF5AC8 /* Preview Assets.xcassets */ = {isa = PBXFileReference; lastKnownFileType = folder.assetcatalog; path = "Preview Assets.xcassets"; sourceTree = "<group>"; };
		56180F162658D6A500EF5AC8 /* Info.plist */ = {isa = PBXFileReference; lastKnownFileType = text.plist.xml; path = Info.plist; sourceTree = "<group>"; };
		56180F1B2658D6A500EF5AC8 /* IOSAppTests.xctest */ = {isa = PBXFileReference; explicitFileType = wrapper.cfbundle; includeInIndex = 0; path = IOSAppTests.xctest; sourceTree = BUILT_PRODUCTS_DIR; };
		56180F1F2658D6A500EF5AC8 /* IOSAppTests.swift */ = {isa = PBXFileReference; lastKnownFileType = sourcecode.swift; path = IOSAppTests.swift; sourceTree = "<group>"; };
		56180F212658D6A500EF5AC8 /* Info.plist */ = {isa = PBXFileReference; lastKnownFileType = text.plist.xml; path = Info.plist; sourceTree = "<group>"; };
		56180F262658D6A500EF5AC8 /* IOSAppUITests.xctest */ = {isa = PBXFileReference; explicitFileType = wrapper.cfbundle; includeInIndex = 0; path = IOSAppUITests.xctest; sourceTree = BUILT_PRODUCTS_DIR; };
		56180F2A2658D6A500EF5AC8 /* IOSAppUITests.swift */ = {isa = PBXFileReference; lastKnownFileType = sourcecode.swift; path = IOSAppUITests.swift; sourceTree = "<group>"; };
		56180F2C2658D6A500EF5AC8 /* Info.plist */ = {isa = PBXFileReference; lastKnownFileType = text.plist.xml; path = Info.plist; sourceTree = "<group>"; };
/* End PBXFileReference section */

/* Begin PBXFrameworksBuildPhase section */
		56180F072658D6A500EF5AC8 /* Frameworks */ = {
			isa = PBXFrameworksBuildPhase;
			buildActionMask = 2147483647;
			files = (
			);
			runOnlyForDeploymentPostprocessing = 0;
		};
		56180F182658D6A500EF5AC8 /* Frameworks */ = {
			isa = PBXFrameworksBuildPhase;
			buildActionMask = 2147483647;
			files = (
			);
			runOnlyForDeploymentPostprocessing = 0;
		};
		56180F232658D6A500EF5AC8 /* Frameworks */ = {
			isa = PBXFrameworksBuildPhase;
			buildActionMask = 2147483647;
			files = (
			);
			runOnlyForDeploymentPostprocessing = 0;
		};
/* End PBXFrameworksBuildPhase section */

/* Begin PBXGroup section */
		56180F012658D6A400EF5AC8 = {
			isa = PBXGroup;
			children = (
				56180F0C2658D6A500EF5AC8 /* IOSApp */,
				56180F1E2658D6A500EF5AC8 /* IOSAppTests */,
				56180F292658D6A500EF5AC8 /* IOSAppUITests */,
				56180F0B2658D6A500EF5AC8 /* Products */,
			);
			sourceTree = "<group>";
		};
		56180F0B2658D6A500EF5AC8 /* Products */ = {
			isa = PBXGroup;
			children = (
				56180F0A2658D6A500EF5AC8 /* IOSApp.app */,
				56180F1B2658D6A500EF5AC8 /* IOSAppTests.xctest */,
				56180F262658D6A500EF5AC8 /* IOSAppUITests.xctest */,
			);
			name = Products;
			sourceTree = "<group>";
		};
		56180F0C2658D6A500EF5AC8 /* IOSApp */ = {
			isa = PBXGroup;
			children = (
				56180F0D2658D6A500EF5AC8 /* IOSAppApp.swift */,
				56180F0F2658D6A500EF5AC8 /* ContentView.swift */,
				56180F112658D6A500EF5AC8 /* Assets.xcassets */,
				56180F162658D6A500EF5AC8 /* Info.plist */,
				56180F132658D6A500EF5AC8 /* Preview Content */,
			);
			path = IOSApp;
			sourceTree = "<group>";
		};
		56180F132658D6A500EF5AC8 /* Preview Content */ = {
			isa = PBXGroup;
			children = (
				56180F142658D6A500EF5AC8 /* Preview Assets.xcassets */,
			);
			path = "Preview Content";
			sourceTree = "<group>";
		};
		56180F1E2658D6A500EF5AC8 /* IOSAppTests */ = {
			isa = PBXGroup;
			children = (
				56180F1F2658D6A500EF5AC8 /* IOSAppTests.swift */,
				56180F212658D6A500EF5AC8 /* Info.plist */,
			);
			path = IOSAppTests;
			sourceTree = "<group>";
		};
		56180F292658D6A500EF5AC8 /* IOSAppUITests */ = {
			isa = PBXGroup;
			children = (
				56180F2A2658D6A500EF5AC8 /* IOSAppUITests.swift */,
				56180F2C2658D6A500EF5AC8 /* Info.plist */,
			);
			path = IOSAppUITests;
			sourceTree = "<group>";
		};
/* End PBXGroup section */

/* Begin PBXNativeTarget section */
		56180F092658D6A500EF5AC8 /* IOSApp */ = {
			isa = PBXNativeTarget;
			buildConfigurationList = 56180F2F2658D6A500EF5AC8 /* Build configuration list for PBXNativeTarget "IOSApp" */;
			buildPhases = (
				56180F062658D6A500EF5AC8 /* Sources */,
				56180F072658D6A500EF5AC8 /* Frameworks */,
				56180F082658D6A500EF5AC8 /* Resources */,
			);
			buildRules = (
			);
			dependencies = (
			);
			name = IOSApp;
			productName = IOSApp;
			productReference = 56180F0A2658D6A500EF5AC8 /* IOSApp.app */;
			productType = "com.apple.product-type.application";
		};
		56180F1A2658D6A500EF5AC8 /* IOSAppTests */ = {
			isa = PBXNativeTarget;
			buildConfigurationList = 56180F322658D6A500EF5AC8 /* Build configuration list for PBXNativeTarget "IOSAppTests" */;
			buildPhases = (
				56180F172658D6A500EF5AC8 /* Sources */,
				56180F182658D6A500EF5AC8 /* Frameworks */,
				56180F192658D6A500EF5AC8 /* Resources */,
			);
			buildRules = (
			);
			dependencies = (
				56180F1D2658D6A500EF5AC8 /* PBXTargetDependency */,
			);
			name = IOSAppTests;
			productName = IOSAppTests;
			productReference = 56180F1B2658D6A500EF5AC8 /* IOSAppTests.xctest */;
			productType = "com.apple.product-type.bundle.unit-test";
		};
		56180F252658D6A500EF5AC8 /* IOSAppUITests */ = {
			isa = PBXNativeTarget;
			buildConfigurationList = 56180F352658D6A500EF5AC8 /* Build configuration list for PBXNativeTarget "IOSAppUITests" */;
			buildPhases = (
				56180F222658D6A500EF5AC8 /* Sources */,
				56180F232658D6A500EF5AC8 /* Frameworks */,
				56180F242658D6A500EF5AC8 /* Resources */,
			);
			buildRules = (
			);
			dependencies = (
				56180F282658D6A500EF5AC8 /* PBXTargetDependency */,
			);
			name = IOSAppUITests;
			productName = IOSAppUITests;
			productReference = 56180F262658D6A500EF5AC8 /* IOSAppUITests.xctest */;
			productType = "com.apple.product-type.bundle.ui-testing";
		};
/* End PBXNativeTarget section */

/* Begin PBXProject section */
		56180F022658D6A400EF5AC8 /* Project object */ = {
			isa = PBXProject;
			attributes = {
				LastSwiftUpdateCheck = 1240;
				LastUpgradeCheck = 1240;
				TargetAttributes = {
					56180F092658D6A500EF5AC8 = {
						CreatedOnToolsVersion = 12.4;
					};
					56180F1A2658D6A500EF5AC8 = {
						CreatedOnToolsVersion = 12.4;
						TestTargetID = 56180F092658D6A500EF5AC8;
					};
					56180F252658D6A500EF5AC8 = {
						CreatedOnToolsVersion = 12.4;
						TestTargetID = 56180F092658D6A500EF5AC8;
					};
				};
			};
			buildConfigurationList = 56180F052658D6A400EF5AC8 /* Build configuration list for PBXProject "IOSApp" */;
			compatibilityVersion = "Xcode 9.3";
			developmentRegion = en;
			hasScannedForEncodings = 0;
			knownRegions = (
				en,
				Base,
			);
			mainGroup = 56180F012658D6A400EF5AC8;
			productRefGroup = 56180F0B2658D6A500EF5AC8 /* Products */;
			projectDirPath = "";
			projectRoot = "";
			targets = (
				56180F092658D6A500EF5AC8 /* IOSApp */,
				56180F1A2658D6A500EF5AC8 /* IOSAppTests */,
				56180F252658D6A500EF5AC8 /* IOSAppUITests */,
			);
		};
/* End PBXProject section */

/* Begin PBXResourcesBuildPhase section */
		56180F082658D6A500EF5AC8 /* Resources */ = {
			isa = PBXResourcesBuildPhase;
			buildActionMask = 2147483647;
			files = (
				56180F152658D6A500EF5AC8 /* Preview Assets.xcassets in Resources */,
				56180F122658D6A500EF5AC8 /* Assets.xcassets in Resources */,
			);
			runOnlyForDeploymentPostprocessing = 0;
		};
		56180F192658D6A500EF5AC8 /* Resources */ = {
			isa = PBXResourcesBuildPhase;
			buildActionMask = 2147483647;
			files = (
			);
			runOnlyForDeploymentPostprocessing = 0;
		};
		56180F242658D6A500EF5AC8 /* Resources */ = {
			isa = PBXResourcesBuildPhase;
			buildActionMask = 2147483647;
			files = (
			);
			runOnlyForDeploymentPostprocessing = 0;
		};
/* End PBXResourcesBuildPhase section */

/* Begin PBXSourcesBuildPhase section */
		56180F062658D6A500EF5AC8 /* Sources */ = {
			isa = PBXSourcesBuildPhase;
			buildActionMask = 2147483647;
			files = (
				56180F102658D6A500EF5AC8 /* ContentView.swift in Sources */,
				56180F0E2658D6A500EF5AC8 /* IOSAppApp.swift in Sources */,
			);
			runOnlyForDeploymentPostprocessing = 0;
		};
		56180F172658D6A500EF5AC8 /* Sources */ = {
			isa = PBXSourcesBuildPhase;
			buildActionMask = 2147483647;
			files = (
				56180F202658D6A500EF5AC8 /* IOSAppTests.swift in Sources */,
			);
			runOnlyForDeploymentPostprocessing = 0;
		};
		56180F222658D6A500EF5AC8 /* Sources */ = {
			isa = PBXSourcesBuildPhase;
			buildActionMask = 2147483647;
			files = (
				56180F2B2658D6A500EF5AC8 /* IOSAppUITests.swift in Sources */,
			);
			runOnlyForDeploymentPostprocessing = 0;
		};
/* End PBXSourcesBuildPhase section */

/* Begin PBXTargetDependency section */
		56180F1D2658D6A500EF5AC8 /* PBXTargetDependency */ = {
			isa = PBXTargetDependency;
			target = 56180F092658D6A500EF5AC8 /* IOSApp */;
			targetProxy = 56180F1C2658D6A500EF5AC8 /* PBXContainerItemProxy */;
		};
		56180F282658D6A500EF5AC8 /* PBXTargetDependency */ = {
			isa = PBXTargetDependency;
			target = 56180F092658D6A500EF5AC8 /* IOSApp */;
			targetProxy = 56180F272658D6A500EF5AC8 /* PBXContainerItemProxy */;
		};
/* End PBXTargetDependency section */

/* Begin XCBuildConfiguration section */
		56180F2D2658D6A500EF5AC8 /* Debug */ = {
			isa = XCBuildConfiguration;
			buildSettings = {
				ALWAYS_SEARCH_USER_PATHS = NO;
				CLANG_ANALYZER_NONNULL = YES;
				CLANG_ANALYZER_NUMBER_OBJECT_CONVERSION = YES_AGGRESSIVE;
				CLANG_CXX_LANGUAGE_STANDARD = "gnu++14";
				CLANG_CXX_LIBRARY = "libc++";
				CLANG_ENABLE_MODULES = YES;
				CLANG_ENABLE_OBJC_ARC = YES;
				CLANG_ENABLE_OBJC_WEAK = YES;
				CLANG_WARN_BLOCK_CAPTURE_AUTORELEASING = YES;
				CLANG_WARN_BOOL_CONVERSION = YES;
				CLANG_WARN_COMMA = YES;
				CLANG_WARN_CONSTANT_CONVERSION = YES;
				CLANG_WARN_DEPRECATED_OBJC_IMPLEMENTATIONS = YES;
				CLANG_WARN_DIRECT_OBJC_ISA_USAGE = YES_ERROR;
				CLANG_WARN_DOCUMENTATION_COMMENTS = YES;
				CLANG_WARN_EMPTY_BODY = YES;
				CLANG_WARN_ENUM_CONVERSION = YES;
				CLANG_WARN_INFINITE_RECURSION = YES;
				CLANG_WARN_INT_CONVERSION = YES;
				CLANG_WARN_NON_LITERAL_NULL_CONVERSION = YES;
				CLANG_WARN_OBJC_IMPLICIT_RETAIN_SELF = YES;
				CLANG_WARN_OBJC_LITERAL_CONVERSION = YES;
				CLANG_WARN_OBJC_ROOT_CLASS = YES_ERROR;
				CLANG_WARN_QUOTED_INCLUDE_IN_FRAMEWORK_HEADER = YES;
				CLANG_WARN_RANGE_LOOP_ANALYSIS = YES;
				CLANG_WARN_STRICT_PROTOTYPES = YES;
				CLANG_WARN_SUSPICIOUS_MOVE = YES;
				CLANG_WARN_UNGUARDED_AVAILABILITY = YES_AGGRESSIVE;
				CLANG_WARN_UNREACHABLE_CODE = YES;
				CLANG_WARN__DUPLICATE_METHOD_MATCH = YES;
				COPY_PHASE_STRIP = NO;
				DEBUG_INFORMATION_FORMAT = dwarf;
				ENABLE_STRICT_OBJC_MSGSEND = YES;
				ENABLE_TESTABILITY = YES;
				GCC_C_LANGUAGE_STANDARD = gnu11;
				GCC_DYNAMIC_NO_PIC = NO;
				GCC_NO_COMMON_BLOCKS = YES;
				GCC_OPTIMIZATION_LEVEL = 0;
				GCC_PREPROCESSOR_DEFINITIONS = (
					"DEBUG=1",
					"$(inherited)",
				);
				GCC_WARN_64_TO_32_BIT_CONVERSION = YES;
				GCC_WARN_ABOUT_RETURN_TYPE = YES_ERROR;
				GCC_WARN_UNDECLARED_SELECTOR = YES;
				GCC_WARN_UNINITIALIZED_AUTOS = YES_AGGRESSIVE;
				GCC_WARN_UNUSED_FUNCTION = YES;
				GCC_WARN_UNUSED_VARIABLE = YES;
				IPHONEOS_DEPLOYMENT_TARGET = 14.4;
				MTL_ENABLE_DEBUG_INFO = INCLUDE_SOURCE;
				MTL_FAST_MATH = YES;
				ONLY_ACTIVE_ARCH = YES;
				SDKROOT = iphoneos;
				SWIFT_ACTIVE_COMPILATION_CONDITIONS = DEBUG;
				SWIFT_OPTIMIZATION_LEVEL = "-Onone";
			};
			name = Debug;
		};
		56180F2E2658D6A500EF5AC8 /* Release */ = {
			isa = XCBuildConfiguration;
			buildSettings = {
				ALWAYS_SEARCH_USER_PATHS = NO;
				CLANG_ANALYZER_NONNULL = YES;
				CLANG_ANALYZER_NUMBER_OBJECT_CONVERSION = YES_AGGRESSIVE;
				CLANG_CXX_LANGUAGE_STANDARD = "gnu++14";
				CLANG_CXX_LIBRARY = "libc++";
				CLANG_ENABLE_MODULES = YES;
				CLANG_ENABLE_OBJC_ARC = YES;
				CLANG_ENABLE_OBJC_WEAK = YES;
				CLANG_WARN_BLOCK_CAPTURE_AUTORELEASING = YES;
				CLANG_WARN_BOOL_CONVERSION = YES;
				CLANG_WARN_COMMA = YES;
				CLANG_WARN_CONSTANT_CONVERSION = YES;
				CLANG_WARN_DEPRECATED_OBJC_IMPLEMENTATIONS = YES;
				CLANG_WARN_DIRECT_OBJC_ISA_USAGE = YES_ERROR;
				CLANG_WARN_DOCUMENTATION_COMMENTS = YES;
				CLANG_WARN_EMPTY_BODY = YES;
				CLANG_WARN_ENUM_CONVERSION = YES;
				CLANG_WARN_INFINITE_RECURSION = YES;
				CLANG_WARN_INT_CONVERSION = YES;
				CLANG_WARN_NON_LITERAL_NULL_CONVERSION = YES;
				CLANG_WARN_OBJC_IMPLICIT_RETAIN_SELF = YES;
				CLANG_WARN_OBJC_LITERAL_CONVERSION = YES;
				CLANG_WARN_OBJC_ROOT_CLASS = YES_ERROR;
				CLANG_WARN_QUOTED_INCLUDE_IN_FRAMEWORK_HEADER = YES;
				CLANG_WARN_RANGE_LOOP_ANALYSIS = YES;
				CLANG_WARN_STRICT_PROTOTYPES = YES;
				CLANG_WARN_SUSPICIOUS_MOVE = YES;
				CLANG_WARN_UNGUARDED_AVAILABILITY = YES_AGGRESSIVE;
				CLANG_WARN_UNREACHABLE_CODE = YES;
				CLANG_WARN__DUPLICATE_METHOD_MATCH = YES;
				COPY_PHASE_STRIP = NO;
				DEBUG_INFORMATION_FORMAT = "dwarf-with-dsym";
				ENABLE_NS_ASSERTIONS = NO;
				ENABLE_STRICT_OBJC_MSGSEND = YES;
				GCC_C_LANGUAGE_STANDARD = gnu11;
				GCC_NO_COMMON_BLOCKS = YES;
				GCC_WARN_64_TO_32_BIT_CONVERSION = YES;
				GCC_WARN_ABOUT_RETURN_TYPE = YES_ERROR;
				GCC_WARN_UNDECLARED_SELECTOR = YES;
				GCC_WARN_UNINITIALIZED_AUTOS = YES_AGGRESSIVE;
				GCC_WARN_UNUSED_FUNCTION = YES;
				GCC_WARN_UNUSED_VARIABLE = YES;
				IPHONEOS_DEPLOYMENT_TARGET = 14.4;
				MTL_ENABLE_DEBUG_INFO = NO;
				MTL_FAST_MATH = YES;
				SDKROOT = iphoneos;
				SWIFT_COMPILATION_MODE = wholemodule;
				SWIFT_OPTIMIZATION_LEVEL = "-O";
				VALIDATE_PRODUCT = YES;
			};
			name = Release;
		};
		56180F302658D6A500EF5AC8 /* Debug */ = {
			isa = XCBuildConfiguration;
			buildSettings = {
				ASSETCATALOG_COMPILER_APPICON_NAME = AppIcon;
				ASSETCATALOG_COMPILER_GLOBAL_ACCENT_COLOR_NAME = AccentColor;
				CODE_SIGN_STYLE = Automatic;
				DEVELOPMENT_ASSET_PATHS = "\"IOSApp/Preview Content\"";
				ENABLE_PREVIEWS = YES;
				INFOPLIST_FILE = IOSApp/Info.plist;
				IPHONEOS_DEPLOYMENT_TARGET = 14.0;
				LD_RUNPATH_SEARCH_PATHS = (
					"$(inherited)",
					"@executable_path/Frameworks",
				);
				PRODUCT_BUNDLE_IDENTIFIER = private.IOSApp;
				PRODUCT_NAME = "$(TARGET_NAME)";
				SWIFT_VERSION = 5.0;
				TARGETED_DEVICE_FAMILY = "1,2";
			};
			name = Debug;
		};
		56180F312658D6A500EF5AC8 /* Release */ = {
			isa = XCBuildConfiguration;
			buildSettings = {
				ASSETCATALOG_COMPILER_APPICON_NAME = AppIcon;
				ASSETCATALOG_COMPILER_GLOBAL_ACCENT_COLOR_NAME = AccentColor;
				CODE_SIGN_STYLE = Automatic;
				DEVELOPMENT_ASSET_PATHS = "\"IOSApp/Preview Content\"";
				ENABLE_PREVIEWS = YES;
				INFOPLIST_FILE = IOSApp/Info.plist;
				IPHONEOS_DEPLOYMENT_TARGET = 14.0;
				LD_RUNPATH_SEARCH_PATHS = (
					"$(inherited)",
					"@executable_path/Frameworks",
				);
				PRODUCT_BUNDLE_IDENTIFIER = private.IOSApp;
				PRODUCT_NAME = "$(TARGET_NAME)";
				SWIFT_VERSION = 5.0;
				TARGETED_DEVICE_FAMILY = "1,2";
			};
			name = Release;
		};
		56180F332658D6A500EF5AC8 /* Debug */ = {
			isa = XCBuildConfiguration;
			buildSettings = {
				ALWAYS_EMBED_SWIFT_STANDARD_LIBRARIES = YES;
				BUNDLE_LOADER = "$(TEST_HOST)";
				CODE_SIGN_STYLE = Automatic;
				INFOPLIST_FILE = IOSAppTests/Info.plist;
				IPHONEOS_DEPLOYMENT_TARGET = 14.0;
				LD_RUNPATH_SEARCH_PATHS = (
					"$(inherited)",
					"@executable_path/Frameworks",
					"@loader_path/Frameworks",
				);
				PRODUCT_BUNDLE_IDENTIFIER = private.IOSAppTests;
				PRODUCT_NAME = "$(TARGET_NAME)";
				SWIFT_VERSION = 5.0;
				TARGETED_DEVICE_FAMILY = "1,2";
				TEST_HOST = "$(BUILT_PRODUCTS_DIR)/IOSApp.app/IOSApp";
			};
			name = Debug;
		};
		56180F342658D6A500EF5AC8 /* Release */ = {
			isa = XCBuildConfiguration;
			buildSettings = {
				ALWAYS_EMBED_SWIFT_STANDARD_LIBRARIES = YES;
				BUNDLE_LOADER = "$(TEST_HOST)";
				CODE_SIGN_STYLE = Automatic;
				INFOPLIST_FILE = IOSAppTests/Info.plist;
				IPHONEOS_DEPLOYMENT_TARGET = 14.0;
				LD_RUNPATH_SEARCH_PATHS = (
					"$(inherited)",
					"@executable_path/Frameworks",
					"@loader_path/Frameworks",
				);
				PRODUCT_BUNDLE_IDENTIFIER = private.IOSAppTests;
				PRODUCT_NAME = "$(TARGET_NAME)";
				SWIFT_VERSION = 5.0;
				TARGETED_DEVICE_FAMILY = "1,2";
				TEST_HOST = "$(BUILT_PRODUCTS_DIR)/IOSApp.app/IOSApp";
			};
			name = Release;
		};
		56180F362658D6A500EF5AC8 /* Debug */ = {
			isa = XCBuildConfiguration;
			buildSettings = {
				ALWAYS_EMBED_SWIFT_STANDARD_LIBRARIES = YES;
				CODE_SIGN_STYLE = Automatic;
				INFOPLIST_FILE = IOSAppUITests/Info.plist;
				LD_RUNPATH_SEARCH_PATHS = (
					"$(inherited)",
					"@executable_path/Frameworks",
					"@loader_path/Frameworks",
				);
				PRODUCT_BUNDLE_IDENTIFIER = private.IOSAppUITests;
				PRODUCT_NAME = "$(TARGET_NAME)";
				SWIFT_VERSION = 5.0;
				TARGETED_DEVICE_FAMILY = "1,2";
				TEST_TARGET_NAME = IOSApp;
			};
			name = Debug;
		};
		56180F372658D6A500EF5AC8 /* Release */ = {
			isa = XCBuildConfiguration;
			buildSettings = {
				ALWAYS_EMBED_SWIFT_STANDARD_LIBRARIES = YES;
				CODE_SIGN_STYLE = Automatic;
				INFOPLIST_FILE = IOSAppUITests/Info.plist;
				LD_RUNPATH_SEARCH_PATHS = (
					"$(inherited)",
					"@executable_path/Frameworks",
					"@loader_path/Frameworks",
				);
				PRODUCT_BUNDLE_IDENTIFIER = private.IOSAppUITests;
				PRODUCT_NAME = "$(TARGET_NAME)";
				SWIFT_VERSION = 5.0;
				TARGETED_DEVICE_FAMILY = "1,2";
				TEST_TARGET_NAME = IOSApp;
			};
			name = Release;
		};
/* End XCBuildConfiguration section */

/* Begin XCConfigurationList section */
		56180F052658D6A400EF5AC8 /* Build configuration list for PBXProject "IOSApp" */ = {
			isa = XCConfigurationList;
			buildConfigurations = (
				56180F2D2658D6A500EF5AC8 /* Debug */,
				56180F2E2658D6A500EF5AC8 /* Release */,
			);
			defaultConfigurationIsVisible = 0;
			defaultConfigurationName = Release;
		};
		56180F2F2658D6A500EF5AC8 /* Build configuration list for PBXNativeTarget "IOSApp" */ = {
			isa = XCConfigurationList;
			buildConfigurations = (
				56180F302658D6A500EF5AC8 /* Debug */,
				56180F312658D6A500EF5AC8 /* Release */,
			);
			defaultConfigurationIsVisible = 0;
			defaultConfigurationName = Release;
		};
		56180F322658D6A500EF5AC8 /* Build configuration list for PBXNativeTarget "IOSAppTests" */ = {
			isa = XCConfigurationList;
			buildConfigurations = (
				56180F332658D6A500EF5AC8 /* Debug */,
				56180F342658D6A500EF5AC8 /* Release */,
			);
			defaultConfigurationIsVisible = 0;
			defaultConfigurationName = Release;
		};
		56180F352658D6A500EF5AC8 /* Build configuration list for PBXNativeTarget "IOSAppUITests" */ = {
			isa = XCConfigurationList;
			buildConfigurations = (
				56180F362658D6A500EF5AC8 /* Debug */,
				56180F372658D6A500EF5AC8 /* Release */,
			);
			defaultConfigurationIsVisible = 0;
			defaultConfigurationName = Release;
		};
/* End XCConfigurationList section */
	};
	rootObject = 56180F022658D6A400EF5AC8 /* Project object */;
}
